{
  "name": "Jackcreative-hugo",
  "version": "1.0.0",
  "lockfileVersion": 2,
  "requires": true,
  "packages": {
    "": {
      "name": "Jackcreative-hugo",
      "version": "1.0.0",
      "license": "MIT",
      "devDependencies": {
        "prettier-plugin-go-template": "0.0.7"
      }
    },
    "node_modules/prettier-plugin-go-template": {
      "version": "0.0.7",
      "dev": true,
      "license": "MIT",
      "engines": {
        "node": ">=10.0.0"
      },
      "peerDependencies": {
        "prettier": "^2.0.0"
      }
    }
  },
  "dependencies": {
    "prettier-plugin-go-template": {
      "version": "0.0.7",
      "dev": true,
      "requires": {}
    }
  }
}
